
Microsoft Visual Studio Solution File, Format Version 12.00
# Visual Studio Version 17
VisualStudioVersion = 17.13.35806.99 d17.13
MinimumVisualStudioVersion = 10.0.40219.1
Project("{FAE04EC0-301F-11D3-BF4B-00C04F79EFBC}") = "OTPService", "OTPService.csproj", "{8522AB0F-6D96-477C-BD13-97341866C476}"
EndProject
Global
	GlobalSection(SolutionConfigurationPlatforms) = preSolution
		Debug|Any CPU = Debug|Any CPU
		Release|Any CPU = Release|Any CPU
	EndGlobalSection
	GlobalSection(ProjectConfigurationPlatforms) = postSolution
		{8522AB0F-6D96-477C-BD13-97341866C476}.Debug|Any CPU.ActiveCfg = Debug|Any CPU
		{8522AB0F-6D96-477C-BD13-97341866C476}.Debug|Any CPU.Build.0 = Debug|Any CPU
		{8522AB0F-6D96-477C-BD13-97341866C476}.Release|Any CPU.ActiveCfg = Release|Any CPU
		{8522AB0F-6D96-477C-BD13-97341866C476}.Release|Any CPU.Build.0 = Release|Any CPU
	EndGlobalSection
	GlobalSection(SolutionProperties) = preSolution
		HideSolutionNode = FALSE
	EndGlobalSection
	GlobalSection(ExtensibilityGlobals) = postSolution
		SolutionGuid = {5058E9A6-1FCD-4433-8F5C-56854FE9B112}
	EndGlobalSection
EndGlobal
